// !$*UTF8*$!
{
	archiveVersion = 1;
	classes = {
	};
	objectVersion = 55;
	objects = {

/* Begin PBXBuildFile section */
		F91F61B027048C6200C8BB69 /* AppDelegate.swift in Sources */ = {isa = PBXBuildFile; fileRef = F91F61AF27048C6200C8BB69 /* AppDelegate.swift */; };
		F91F61B227048C6200C8BB69 /* SceneDelegate.swift in Sources */ = {isa = PBXBuildFile; fileRef = F91F61B127048C6200C8BB69 /* SceneDelegate.swift */; };
		F91F61B427048C6200C8BB69 /* ViewController.swift in Sources */ = {isa = PBXBuildFile; fileRef = F91F61B327048C6200C8BB69 /* ViewController.swift */; };
		F91F61B727048C6200C8BB69 /* Main.storyboard in Resources */ = {isa = PBXBuildFile; fileRef = F91F61B527048C6200C8BB69 /* Main.storyboard */; };
		F91F61B927048C6500C8BB69 /* Assets.xcassets in Resources */ = {isa = PBXBuildFile; fileRef = F91F61B827048C6500C8BB69 /* Assets.xcassets */; };
		F91F61BC27048C6500C8BB69 /* LaunchScreen.storyboard in Resources */ = {isa = PBXBuildFile; fileRef = F91F61BA27048C6500C8BB69 /* LaunchScreen.storyboard */; };
		F91F61C9270560DC00C8BB69 /* DemoCollectionViewCell.swift in Sources */ = {isa = PBXBuildFile; fileRef = F91F61C7270560DC00C8BB69 /* DemoCollectionViewCell.swift */; };
		F91F61CA270560DC00C8BB69 /* DemoCollectionViewCell.xib in Resources */ = {isa = PBXBuildFile; fileRef = F91F61C8270560DC00C8BB69 /* DemoCollectionViewCell.xib */; };
		F91F61CE2705762000C8BB69 /* model.swift in Sources */ = {isa = PBXBuildFile; fileRef = F91F61CD2705762000C8BB69 /* model.swift */; };
/* End PBXBuildFile section */

/* Begin PBXFileReference section */
		F91F61AC27048C6200C8BB69 /* DemoApiApp.app */ = {isa = PBXFileReference; explicitFileType = wrapper.application; includeInIndex = 0; path = DemoApiApp.app; sourceTree = BUILT_PRODUCTS_DIR; };
		F91F61AF27048C6200C8BB69 /* AppDelegate.swift */ = {isa = PBXFileReference; lastKnownFileType = sourcecode.swift; path = AppDelegate.swift; sourceTree = "<group>"; };
		F91F61B127048C6200C8BB69 /* SceneDelegate.swift */ = {isa = PBXFileReference; lastKnownFileType = sourcecode.swift; path = SceneDelegate.swift; sourceTree = "<group>"; };
		F91F61B327048C6200C8BB69 /* ViewController.swift */ = {isa = PBXFileReference; lastKnownFileType = sourcecode.swift; path = ViewController.swift; sourceTree = "<group>"; };
		F91F61B627048C6200C8BB69 /* Base */ = {isa = PBXFileReference; lastKnownFileType = file.storyboard; name = Base; path = Base.lproj/Main.storyboard; sourceTree = "<group>"; };
		F91F61B827048C6500C8BB69 /* Assets.xcassets */ = {isa = PBXFileReference; lastKnownFileType = folder.assetcatalog; path = Assets.xcassets; sourceTree = "<group>"; };
		F91F61BB27048C6500C8BB69 /* Base */ = {isa = PBXFileReference; lastKnownFileType = file.storyboard; name = Base; path = Base.lproj/LaunchScreen.storyboard; sourceTree = "<group>"; };
		F91F61BD27048C6500C8BB69 /* Info.plist */ = {isa = PBXFileReference; lastKnownFileType = text.plist.xml; path = Info.plist; sourceTree = "<group>"; };
		F91F61C7270560DC00C8BB69 /* DemoCollectionViewCell.swift */ = {isa = PBXFileReference; lastKnownFileType = sourcecode.swift; path = DemoCollectionViewCell.swift; sourceTree = "<group>"; };
		F91F61C8270560DC00C8BB69 /* DemoCollectionViewCell.xib */ = {isa = PBXFileReference; lastKnownFileType = file.xib; path = DemoCollectionViewCell.xib; sourceTree = "<group>"; };
		F91F61CD2705762000C8BB69 /* model.swift */ = {isa = PBXFileReference; lastKnownFileType = sourcecode.swift; path = model.swift; sourceTree = "<group>"; };
/* End PBXFileReference section */

/* Begin PBXFrameworksBuildPhase section */
		F91F61A927048C6200C8BB69 /* Frameworks */ = {
			isa = PBXFrameworksBuildPhase;
			buildActionMask = 2147483647;
			files = (
			);
			runOnlyForDeploymentPostprocessing = 0;
		};
/* End PBXFrameworksBuildPhase section */

/* Begin PBXGroup section */
		F91F61A327048C6200C8BB69 = {
			isa = PBXGroup;
			children = (
				F91F61AE27048C6200C8BB69 /* DemoApiApp */,
				F91F61AD27048C6200C8BB69 /* Products */,
			);
			sourceTree = "<group>";
		};
		F91F61AD27048C6200C8BB69 /* Products */ = {
			isa = PBXGroup;
			children = (
				F91F61AC27048C6200C8BB69 /* DemoApiApp.app */,
			);
			name = Products;
			sourceTree = "<group>";
		};
		F91F61AE27048C6200C8BB69 /* DemoApiApp */ = {
			isa = PBXGroup;
			children = (
				F91F61AF27048C6200C8BB69 /* AppDelegate.swift */,
				F91F61B127048C6200C8BB69 /* SceneDelegate.swift */,
				F91F61B327048C6200C8BB69 /* ViewController.swift */,
				F91F61B527048C6200C8BB69 /* Main.storyboard */,
				F91F61B827048C6500C8BB69 /* Assets.xcassets */,
				F91F61BA27048C6500C8BB69 /* LaunchScreen.storyboard */,
				F91F61BD27048C6500C8BB69 /* Info.plist */,
				F91F61C7270560DC00C8BB69 /* DemoCollectionViewCell.swift */,
				F91F61C8270560DC00C8BB69 /* DemoCollectionViewCell.xib */,
				F91F61CD2705762000C8BB69 /* model.swift */,
			);
			path = DemoApiApp;
			sourceTree = "<group>";
		};
/* End PBXGroup section */

/* Begin PBXNativeTarget section */
		F91F61AB27048C6200C8BB69 /* DemoApiApp */ = {
			isa = PBXNativeTarget;
			buildConfigurationList = F91F61C027048C6500C8BB69 /* Build configuration list for PBXNativeTarget "DemoApiApp" */;
			buildPhases = (
				F91F61A827048C6200C8BB69 /* Sources */,
				F91F61A927048C6200C8BB69 /* Frameworks */,
				F91F61AA27048C6200C8BB69 /* Resources */,
			);
			buildRules = (
			);
			dependencies = (
			);
			name = DemoApiApp;
			productName = DemoApiApp;
			productReference = F91F61AC27048C6200C8BB69 /* DemoApiApp.app */;
			productType = "com.apple.product-type.application";
		};
/* End PBXNativeTarget section */

/* Begin PBXProject section */
		F91F61A427048C6200C8BB69 /* Project object */ = {
			isa = PBXProject;
			attributes = {
				BuildIndependentTargetsInParallel = 1;
				LastSwiftUpdateCheck = 1300;
				LastUpgradeCheck = 1300;
				TargetAttributes = {
					F91F61AB27048C6200C8BB69 = {
						CreatedOnToolsVersion = 13.0;
					};
				};
			};
			buildConfigurationList = F91F61A727048C6200C8BB69 /* Build configuration list for PBXProject "DemoApiApp" */;
			compatibilityVersion = "Xcode 13.0";
			developmentRegion = en;
			hasScannedForEncodings = 0;
			knownRegions = (
				en,
				Base,
			);
			mainGroup = F91F61A327048C6200C8BB69;
			productRefGroup = F91F61AD27048C6200C8BB69 /* Products */;
			projectDirPath = "";
			projectRoot = "";
			targets = (
				F91F61AB27048C6200C8BB69 /* DemoApiApp */,
			);
		};
/* End PBXProject section */

/* Begin PBXResourcesBuildPhase section */
		F91F61AA27048C6200C8BB69 /* Resources */ = {
			isa = PBXResourcesBuildPhase;
			buildActionMask = 2147483647;
			files = (
				F91F61BC27048C6500C8BB69 /* LaunchScreen.storyboard in Resources */,
				F91F61B927048C6500C8BB69 /* Assets.xcassets in Resources */,
				F91F61B727048C6200C8BB69 /* Main.storyboard in Resources */,
				F91F61CA270560DC00C8BB69 /* DemoCollectionViewCell.xib in Resources */,
			);
			runOnlyForDeploymentPostprocessing = 0;
		};
/* End PBXResourcesBuildPhase section */

/* Begin PBXSourcesBuildPhase section */
		F91F61A827048C6200C8BB69 /* Sources */ = {
			isa = PBXSourcesBuildPhase;
			buildActionMask = 2147483647;
			files = (
				F91F61CE2705762000C8BB69 /* model.swift in Sources */,
				F91F61B427048C6200C8BB69 /* ViewController.swift in Sources */,
				F91F61B027048C6200C8BB69 /* AppDelegate.swift in Sources */,
				F91F61B227048C6200C8BB69 /* SceneDelegate.swift in Sources */,
				F91F61C9270560DC00C8BB69 /* DemoCollectionViewCell.swift in Sources */,
			);
			runOnlyForDeploymentPostprocessing = 0;
		};
/* End PBXSourcesBuildPhase section */

/* Begin PBXVariantGroup section */
		F91F61B527048C6200C8BB69 /* Main.storyboard */ = {
			isa = PBXVariantGroup;
			children = (
				F91F61B627048C6200C8BB69 /* Base */,
			);
			name = Main.storyboard;
			sourceTree = "<group>";
		};
		F91F61BA27048C6500C8BB69 /* LaunchScreen.storyboard */ = {
			isa = PBXVariantGroup;
			children = (
				F91F61BB27048C6500C8BB69 /* Base */,
			);
			name = LaunchScreen.storyboard;
			sourceTree = "<group>";
		};
/* End PBXVariantGroup section */

/* Begin XCBuildConfiguration section */
		F91F61BE27048C6500C8BB69 /* Debug */ = {
			isa = XCBuildConfiguration;
			buildSettings = {
				ALWAYS_SEARCH_USER_PATHS = NO;
				CLANG_ANALYZER_NONNULL = YES;
				CLANG_ANALYZER_NUMBER_OBJECT_CONVERSION = YES_AGGRESSIVE;
				CLANG_CXX_LANGUAGE_STANDARD = "gnu++17";
				CLANG_CXX_LIBRARY = "libc++";
				CLANG_ENABLE_MODULES = YES;
				CLANG_ENABLE_OBJC_ARC = YES;
				CLANG_ENABLE_OBJC_WEAK = YES;
				CLANG_WARN_BLOCK_CAPTURE_AUTORELEASING = YES;
				CLANG_WARN_BOOL_CONVERSION = YES;
				CLANG_WARN_COMMA = YES;
				CLANG_WARN_CONSTANT_CONVERSION = YES;
				CLANG_WARN_DEPRECATED_OBJC_IMPLEMENTATIONS = YES;
				CLANG_WARN_DIRECT_OBJC_ISA_USAGE = YES_ERROR;
				CLANG_WARN_DOCUMENTATION_COMMENTS = YES;
				CLANG_WARN_EMPTY_BODY = YES;
				CLANG_WARN_ENUM_CONVERSION = YES;
				CLANG_WARN_INFINITE_RECURSION = YES;
				CLANG_WARN_INT_CONVERSION = YES;
				CLANG_WARN_NON_LITERAL_NULL_CONVERSION = YES;
				CLANG_WARN_OBJC_IMPLICIT_RETAIN_SELF = YES;
				CLANG_WARN_OBJC_LITERAL_CONVERSION = YES;
				CLANG_WARN_OBJC_ROOT_CLASS = YES_ERROR;
				CLANG_WARN_QUOTED_INCLUDE_IN_FRAMEWORK_HEADER = YES;
				CLANG_WARN_RANGE_LOOP_ANALYSIS = YES;
				CLANG_WARN_STRICT_PROTOTYPES = YES;
				CLANG_WARN_SUSPICIOUS_MOVE = YES;
				CLANG_WARN_UNGUARDED_AVAILABILITY = YES_AGGRESSIVE;
				CLANG_WARN_UNREACHABLE_CODE = YES;
				CLANG_WARN__DUPLICATE_METHOD_MATCH = YES;
				COPY_PHASE_STRIP = NO;
				DEBUG_INFORMATION_FORMAT = dwarf;
				ENABLE_STRICT_OBJC_MSGSEND = YES;
				ENABLE_TESTABILITY = YES;
				GCC_C_LANGUAGE_STANDARD = gnu11;
				GCC_DYNAMIC_NO_PIC = NO;
				GCC_NO_COMMON_BLOCKS = YES;
				GCC_OPTIMIZATION_LEVEL = 0;
				GCC_PREPROCESSOR_DEFINITIONS = (
					"DEBUG=1",
					"$(inherited)",
				);
				GCC_WARN_64_TO_32_BIT_CONVERSION = YES;
				GCC_WARN_ABOUT_RETURN_TYPE = YES_ERROR;
				GCC_WARN_UNDECLARED_SELECTOR = YES;
				GCC_WARN_UNINITIALIZED_AUTOS = YES_AGGRESSIVE;
				GCC_WARN_UNUSED_FUNCTION = YES;
				GCC_WARN_UNUSED_VARIABLE = YES;
				IPHONEOS_DEPLOYMENT_TARGET = 15.0;
				MTL_ENABLE_DEBUG_INFO = INCLUDE_SOURCE;
				MTL_FAST_MATH = YES;
				ONLY_ACTIVE_ARCH = YES;
				SDKROOT = iphoneos;
				SWIFT_ACTIVE_COMPILATION_CONDITIONS = DEBUG;
				SWIFT_OPTIMIZATION_LEVEL = "-Onone";
			};
			name = Debug;
		};
		F91F61BF27048C6500C8BB69 /* Release */ = {
			isa = XCBuildConfiguration;
			buildSettings = {
				ALWAYS_SEARCH_USER_PATHS = NO;
				CLANG_ANALYZER_NONNULL = YES;
				CLANG_ANALYZER_NUMBER_OBJECT_CONVERSION = YES_AGGRESSIVE;
				CLANG_CXX_LANGUAGE_STANDARD = "gnu++17";
				CLANG_CXX_LIBRARY = "libc++";
				CLANG_ENABLE_MODULES = YES;
				CLANG_ENABLE_OBJC_ARC = YES;
				CLANG_ENABLE_OBJC_WEAK = YES;
				CLANG_WARN_BLOCK_CAPTURE_AUTORELEASING = YES;
				CLANG_WARN_BOOL_CONVERSION = YES;
				CLANG_WARN_COMMA = YES;
				CLANG_WARN_CONSTANT_CONVERSION = YES;
				CLANG_WARN_DEPRECATED_OBJC_IMPLEMENTATIONS = YES;
				CLANG_WARN_DIRECT_OBJC_ISA_USAGE = YES_ERROR;
				CLANG_WARN_DOCUMENTATION_COMMENTS = YES;
				CLANG_WARN_EMPTY_BODY = YES;
				CLANG_WARN_ENUM_CONVERSION = YES;
				CLANG_WARN_INFINITE_RECURSION = YES;
				CLANG_WARN_INT_CONVERSION = YES;
				CLANG_WARN_NON_LITERAL_NULL_CONVERSION = YES;
				CLANG_WARN_OBJC_IMPLICIT_RETAIN_SELF = YES;
				CLANG_WARN_OBJC_LITERAL_CONVERSION = YES;
				CLANG_WARN_OBJC_ROOT_CLASS = YES_ERROR;
				CLANG_WARN_QUOTED_INCLUDE_IN_FRAMEWORK_HEADER = YES;
				CLANG_WARN_RANGE_LOOP_ANALYSIS = YES;
				CLANG_WARN_STRICT_PROTOTYPES = YES;
				CLANG_WARN_SUSPICIOUS_MOVE = YES;
				CLANG_WARN_UNGUARDED_AVAILABILITY = YES_AGGRESSIVE;
				CLANG_WARN_UNREACHABLE_CODE = YES;
				CLANG_WARN__DUPLICATE_METHOD_MATCH = YES;
				COPY_PHASE_STRIP = NO;
				DEBUG_INFORMATION_FORMAT = "dwarf-with-dsym";
				ENABLE_NS_ASSERTIONS = NO;
				ENABLE_STRICT_OBJC_MSGSEND = YES;
				GCC_C_LANGUAGE_STANDARD = gnu11;
				GCC_NO_COMMON_BLOCKS = YES;
				GCC_WARN_64_TO_32_BIT_CONVERSION = YES;
				GCC_WARN_ABOUT_RETURN_TYPE = YES_ERROR;
				GCC_WARN_UNDECLARED_SELECTOR = YES;
				GCC_WARN_UNINITIALIZED_AUTOS = YES_AGGRESSIVE;
				GCC_WARN_UNUSED_FUNCTION = YES;
				GCC_WARN_UNUSED_VARIABLE = YES;
				IPHONEOS_DEPLOYMENT_TARGET = 15.0;
				MTL_ENABLE_DEBUG_INFO = NO;
				MTL_FAST_MATH = YES;
				SDKROOT = iphoneos;
				SWIFT_COMPILATION_MODE = wholemodule;
				SWIFT_OPTIMIZATION_LEVEL = "-O";
				VALIDATE_PRODUCT = YES;
			};
			name = Release;
		};
		F91F61C127048C6500C8BB69 /* Debug */ = {
			isa = XCBuildConfiguration;
			buildSettings = {
				ASSETCATALOG_COMPILER_APPICON_NAME = AppIcon;
				ASSETCATALOG_COMPILER_GLOBAL_ACCENT_COLOR_NAME = AccentColor;
				CODE_SIGN_STYLE = Automatic;
				CURRENT_PROJECT_VERSION = 1;
				DEVELOPMENT_TEAM = F2R6AMVTD8;
				GENERATE_INFOPLIST_FILE = YES;
				INFOPLIST_FILE = DemoApiApp/Info.plist;
				INFOPLIST_KEY_UIApplicationSupportsIndirectInputEvents = YES;
				INFOPLIST_KEY_UILaunchStoryboardName = LaunchScreen;
				INFOPLIST_KEY_UIMainStoryboardFile = Main;
				INFOPLIST_KEY_UISupportedInterfaceOrientations_iPad = "UIInterfaceOrientationPortrait UIInterfaceOrientationPortraitUpsideDown UIInterfaceOrientationLandscapeLeft UIInterfaceOrientationLandscapeRight";
				INFOPLIST_KEY_UISupportedInterfaceOrientations_iPhone = "UIInterfaceOrientationPortrait UIInterfaceOrientationLandscapeLeft UIInterfaceOrientationLandscapeRight";
				LD_RUNPATH_SEARCH_PATHS = (
					"$(inherited)",
					"@executable_path/Frameworks",
				);
				MARKETING_VERSION = 1.0;
				PRODUCT_BUNDLE_IDENTIFIER = com.julien.DemoApiApp;
				PRODUCT_NAME = "$(TARGET_NAME)";
				SWIFT_EMIT_LOC_STRINGS = YES;
				SWIFT_VERSION = 5.0;
				TARGETED_DEVICE_FAMILY = "1,2";
			};
			name = Debug;
		};
		F91F61C227048C6500C8BB69 /* Release */ = {
			isa = XCBuildConfiguration;
			buildSettings = {
				ASSETCATALOG_COMPILER_APPICON_NAME = AppIcon;
				ASSETCATALOG_COMPILER_GLOBAL_ACCENT_COLOR_NAME = AccentColor;
				CODE_SIGN_STYLE = Automatic;
				CURRENT_PROJECT_VERSION = 1;
				DEVELOPMENT_TEAM = F2R6AMVTD8;
				GENERATE_INFOPLIST_FILE = YES;
				INFOPLIST_FILE = DemoApiApp/Info.plist;
				INFOPLIST_KEY_UIApplicationSupportsIndirectInputEvents = YES;
				INFOPLIST_KEY_UILaunchStoryboardName = LaunchScreen;
				INFOPLIST_KEY_UIMainStoryboardFile = Main;
				INFOPLIST_KEY_UISupportedInterfaceOrientations_iPad = "UIInterfaceOrientationPortrait UIInterfaceOrientationPortraitUpsideDown UIInterfaceOrientationLandscapeLeft UIInterfaceOrientationLandscapeRight";
				INFOPLIST_KEY_UISupportedInterfaceOrientations_iPhone = "UIInterfaceOrientationPortrait UIInterfaceOrientationLandscapeLeft UIInterfaceOrientationLandscapeRight";
				LD_RUNPATH_SEARCH_PATHS = (
					"$(inherited)",
					"@executable_path/Frameworks",
				);
				MARKETING_VERSION = 1.0;
				PRODUCT_BUNDLE_IDENTIFIER = com.julien.DemoApiApp;
				PRODUCT_NAME = "$(TARGET_NAME)";
				SWIFT_EMIT_LOC_STRINGS = YES;
				SWIFT_VERSION = 5.0;
				TARGETED_DEVICE_FAMILY = "1,2";
			};
			name = Release;
		};
/* End XCBuildConfiguration section */

/* Begin XCConfigurationList section */
		F91F61A727048C6200C8BB69 /* Build configuration list for PBXProject "DemoApiApp" */ = {
			isa = XCConfigurationList;
			buildConfigurations = (
				F91F61BE27048C6500C8BB69 /* Debug */,
				F91F61BF27048C6500C8BB69 /* Release */,
			);
			defaultConfigurationIsVisible = 0;
			defaultConfigurationName = Release;
		};
		F91F61C027048C6500C8BB69 /* Build configuration list for PBXNativeTarget "DemoApiApp" */ = {
			isa = XCConfigurationList;
			buildConfigurations = (
				F91F61C127048C6500C8BB69 /* Debug */,
				F91F61C227048C6500C8BB69 /* Release */,
			);
			defaultConfigurationIsVisible = 0;
			defaultConfigurationName = Release;
		};
/* End XCConfigurationList section */
	};
	rootObject = F91F61A427048C6200C8BB69 /* Project object */;
}
